
Microsoft Visual Studio Solution File, Format Version 12.00
# Visual Studio Version 17
VisualStudioVersion = 17.9.34902.65
MinimumVisualStudioVersion = 10.0.40219.1
Project("{9A19103F-16F7-4668-BE54-9A1E7A4F7556}") = "HJ212_Server", "HJ212_Server\HJ212_Server.csproj", "{CD7CF162-1958-4E9C-AA08-C105A3BBA904}"
EndProject
Project("{9A19103F-16F7-4668-BE54-9A1E7A4F7556}") = "Test", "Test\Test.csproj", "{D381DE5A-18E8-4BE2-8994-FD90A674E70F}"
EndProject
Global
	GlobalSection(SolutionConfigurationPlatforms) = preSolution
		Debug|Any CPU = Debug|Any CPU
		Release|Any CPU = Release|Any CPU
	EndGlobalSection
	GlobalSection(ProjectConfigurationPlatforms) = postSolution
		{CD7CF162-1958-4E9C-AA08-C105A3BBA904}.Debug|Any CPU.ActiveCfg = Debug|Any CPU
		{CD7CF162-1958-4E9C-AA08-C105A3BBA904}.Debug|Any CPU.Build.0 = Debug|Any CPU
		{CD7CF162-1958-4E9C-AA08-C105A3BBA904}.Release|Any CPU.ActiveCfg = Release|Any CPU
		{CD7CF162-1958-4E9C-AA08-C105A3BBA904}.Release|Any CPU.Build.0 = Release|Any CPU
		{D381DE5A-18E8-4BE2-8994-FD90A674E70F}.Debug|Any CPU.ActiveCfg = Debug|Any CPU
		{D381DE5A-18E8-4BE2-8994-FD90A674E70F}.Debug|Any CPU.Build.0 = Debug|Any CPU
		{D381DE5A-18E8-4BE2-8994-FD90A674E70F}.Release|Any CPU.ActiveCfg = Release|Any CPU
		{D381DE5A-18E8-4BE2-8994-FD90A674E70F}.Release|Any CPU.Build.0 = Release|Any CPU
	EndGlobalSection
	GlobalSection(SolutionProperties) = preSolution
		HideSolutionNode = FALSE
	EndGlobalSection
	GlobalSection(ExtensibilityGlobals) = postSolution
		SolutionGuid = {F5451704-097E-4ABD-AC48-F9E9DFA2F996}
	EndGlobalSection
EndGlobal
